
Microsoft Visual Studio Solution File, Format Version 12.00
# Visual Studio Version 16
VisualStudioVersion = 16.0.30114.105
MinimumVisualStudioVersion = 10.0.40219.1
Project("{FAE04EC0-301F-11D3-BF4B-00C04F79EFBC}") = "PrometheusDemo.Web", "PrometheusDemo.Web\PrometheusDemo.Web.csproj", "{F1DCF550-FC0A-48E9-98F1-D6904D65EEC5}"
EndProject
Project("{FAE04EC0-301F-11D3-BF4B-00C04F79EFBC}") = "PrometheusDemo.Batch", "PrometheusDemo.Batch\PrometheusDemo.Batch.csproj", "{DE8EA6B5-AFB7-4E79-B4F4-06893C747B4E}"
EndProject
Global
	GlobalSection(SolutionConfigurationPlatforms) = preSolution
		Debug|Any CPU = Debug|Any CPU
		Release|Any CPU = Release|Any CPU
	EndGlobalSection
	GlobalSection(ProjectConfigurationPlatforms) = postSolution
		{F1DCF550-FC0A-48E9-98F1-D6904D65EEC5}.Debug|Any CPU.ActiveCfg = Debug|Any CPU
		{F1DCF550-FC0A-48E9-98F1-D6904D65EEC5}.Debug|Any CPU.Build.0 = Debug|Any CPU
		{F1DCF550-FC0A-48E9-98F1-D6904D65EEC5}.Release|Any CPU.ActiveCfg = Release|Any CPU
		{F1DCF550-FC0A-48E9-98F1-D6904D65EEC5}.Release|Any CPU.Build.0 = Release|Any CPU
		{DE8EA6B5-AFB7-4E79-B4F4-06893C747B4E}.Debug|Any CPU.ActiveCfg = Debug|Any CPU
		{DE8EA6B5-AFB7-4E79-B4F4-06893C747B4E}.Debug|Any CPU.Build.0 = Debug|Any CPU
		{DE8EA6B5-AFB7-4E79-B4F4-06893C747B4E}.Release|Any CPU.ActiveCfg = Release|Any CPU
		{DE8EA6B5-AFB7-4E79-B4F4-06893C747B4E}.Release|Any CPU.Build.0 = Release|Any CPU
	EndGlobalSection
	GlobalSection(SolutionProperties) = preSolution
		HideSolutionNode = FALSE
	EndGlobalSection
	GlobalSection(ExtensibilityGlobals) = postSolution
		SolutionGuid = {413E70DD-398D-44D5-8DFD-95BC21A0E198}
	EndGlobalSection
EndGlobal
